
Microsoft Visual Studio Solution File, Format Version 12.00
# Visual Studio Version 17
VisualStudioVersion = 17.4.33103.184
MinimumVisualStudioVersion = 10.0.40219.1
Project("{FAE04EC0-301F-11D3-BF4B-00C04F79EFBC}") = "SudskiRegistar", "SudskiRegistar\SudskiRegistar.csproj", "{B78DED1D-BA32-4308-91BA-F57D0E7FFAAF}"
EndProject
Global
	GlobalSection(SolutionConfigurationPlatforms) = preSolution
		Debug|Any CPU = Debug|Any CPU
		Release|Any CPU = Release|Any CPU
	EndGlobalSection
	GlobalSection(ProjectConfigurationPlatforms) = postSolution
		{B78DED1D-BA32-4308-91BA-F57D0E7FFAAF}.Debug|Any CPU.ActiveCfg = Debug|Any CPU
		{B78DED1D-BA32-4308-91BA-F57D0E7FFAAF}.Debug|Any CPU.Build.0 = Debug|Any CPU
		{B78DED1D-BA32-4308-91BA-F57D0E7FFAAF}.Release|Any CPU.ActiveCfg = Release|Any CPU
	EndGlobalSection
	GlobalSection(SolutionProperties) = preSolution
		HideSolutionNode = FALSE
	EndGlobalSection
	GlobalSection(ExtensibilityGlobals) = postSolution
		SolutionGuid = {E8091F80-E298-497D-8BA6-C9BA320550E8}
	EndGlobalSection
EndGlobal
